
Microsoft Visual Studio Solution File, Format Version 12.00
# Visual Studio Version 16
VisualStudioVersion = 16.0.29215.179
MinimumVisualStudioVersion = 10.0.40219.1
Project("{9A19103F-16F7-4668-BE54-9A1E7A4F7556}") = "Sudoku.Core", "Sudoku.Core\Sudoku.Core.csproj", "{3C2E436F-F2D4-4AE3-B408-2C9B4E9FA168}"
EndProject
Project("{9A19103F-16F7-4668-BE54-9A1E7A4F7556}") = "Sudoku.Core.Test", "Sudoku.Core.Test\Sudoku.Core.Test.csproj", "{A1C91595-F45E-4548-8B74-8E774BCD1615}"
EndProject
Project("{FAE04EC0-301F-11D3-BF4B-00C04F79EFBC}") = "WpfCoreUI", "WpfCoreUI\WpfCoreUI.csproj", "{629A0940-E57E-4A7F-8EA1-666CDD99B994}"
EndProject
Global
	GlobalSection(SolutionConfigurationPlatforms) = preSolution
		Debug|Any CPU = Debug|Any CPU
		Release|Any CPU = Release|Any CPU
	EndGlobalSection
	GlobalSection(ProjectConfigurationPlatforms) = postSolution
		{3C2E436F-F2D4-4AE3-B408-2C9B4E9FA168}.Debug|Any CPU.ActiveCfg = Debug|Any CPU
		{3C2E436F-F2D4-4AE3-B408-2C9B4E9FA168}.Debug|Any CPU.Build.0 = Debug|Any CPU
		{3C2E436F-F2D4-4AE3-B408-2C9B4E9FA168}.Release|Any CPU.ActiveCfg = Release|Any CPU
		{3C2E436F-F2D4-4AE3-B408-2C9B4E9FA168}.Release|Any CPU.Build.0 = Release|Any CPU
		{A1C91595-F45E-4548-8B74-8E774BCD1615}.Debug|Any CPU.ActiveCfg = Debug|Any CPU
		{A1C91595-F45E-4548-8B74-8E774BCD1615}.Debug|Any CPU.Build.0 = Debug|Any CPU
		{A1C91595-F45E-4548-8B74-8E774BCD1615}.Release|Any CPU.ActiveCfg = Release|Any CPU
		{A1C91595-F45E-4548-8B74-8E774BCD1615}.Release|Any CPU.Build.0 = Release|Any CPU
		{629A0940-E57E-4A7F-8EA1-666CDD99B994}.Debug|Any CPU.ActiveCfg = Debug|Any CPU
		{629A0940-E57E-4A7F-8EA1-666CDD99B994}.Debug|Any CPU.Build.0 = Debug|Any CPU
		{629A0940-E57E-4A7F-8EA1-666CDD99B994}.Release|Any CPU.ActiveCfg = Release|Any CPU
		{629A0940-E57E-4A7F-8EA1-666CDD99B994}.Release|Any CPU.Build.0 = Release|Any CPU
	EndGlobalSection
	GlobalSection(SolutionProperties) = preSolution
		HideSolutionNode = FALSE
	EndGlobalSection
	GlobalSection(ExtensibilityGlobals) = postSolution
		SolutionGuid = {C334AF9E-C5CC-47DB-BEFD-D9F312546E81}
	EndGlobalSection
EndGlobal
